{
  "version": 4,
  "terraform_version": "1.0.8",
  "serial": 6,
  "lineage": "9bc41eca-6fc6-6642-bc41-65c51bd5b620",
  "outputs": {
    "kubernetes_cluster_host": {
      "value": "34.95.244.216",
      "type": "string",
      "sensitive": true
    },
    "kubernetes_cluster_name": {
      "value": "bis2bis-328815-gke",
      "type": "string",
      "sensitive": true
    },
    "project_id": {
      "value": "bis2bis-328815",
      "type": "string",
      "sensitive": true
    },
    "region": {
      "value": "southamerica-east1",
      "type": "string"
    }
  },
  "resources": [
    {
      "mode": "managed",
      "type": "google_compute_network",
      "name": "vpc",
      "provider": "provider[\"registry.terraform.io/hashicorp/google\"]",
      "instances": [
        {
          "schema_version": 0,
          "attributes": {
            "auto_create_subnetworks": false,
            "delete_default_routes_on_create": false,
            "description": "",
            "gateway_ipv4": "",
            "id": "projects/bis2bis-328815/global/networks/bis2bis-328815-vpc",
            "mtu": 0,
            "name": "bis2bis-328815-vpc",
            "project": "bis2bis-328815",
            "routing_mode": "REGIONAL",
            "self_link": "https://www.googleapis.com/compute/v1/projects/bis2bis-328815/global/networks/bis2bis-328815-vpc",
            "timeouts": null
          },
          "sensitive_attributes": [
            [
              {
                "type": "get_attr",
                "value": "name"
              }
            ]
          ],
          "private": "eyJlMmJmYjczMC1lY2FhLTExZTYtOGY4OC0zNDM2M2JjN2M0YzAiOnsiY3JlYXRlIjoyNDAwMDAwMDAwMDAsImRlbGV0ZSI6MjQwMDAwMDAwMDAwLCJ1cGRhdGUiOjI0MDAwMDAwMDAwMH19"
        }
      ]
    },
    {
      "mode": "managed",
      "type": "google_compute_subnetwork",
      "name": "subnet",
      "provider": "provider[\"registry.terraform.io/hashicorp/google\"]",
      "instances": [
        {
          "schema_version": 0,
          "attributes": {
            "creation_timestamp": "2021-10-13T06:48:03.829-07:00",
            "description": "",
            "external_ipv6_prefix": "",
            "fingerprint": null,
            "gateway_address": "10.10.0.1",
            "id": "projects/bis2bis-328815/regions/southamerica-east1/subnetworks/bis2bis-328815-subnet",
            "ip_cidr_range": "10.10.0.0/24",
            "ipv6_access_type": "",
            "ipv6_cidr_range": "",
            "log_config": [],
            "name": "bis2bis-328815-subnet",
            "network": "https://www.googleapis.com/compute/v1/projects/bis2bis-328815/global/networks/bis2bis-328815-vpc",
            "private_ip_google_access": false,
            "private_ipv6_google_access": "DISABLE_GOOGLE_ACCESS",
            "project": "bis2bis-328815",
            "purpose": "PRIVATE",
            "region": "southamerica-east1",
            "role": "",
            "secondary_ip_range": [],
            "self_link": "https://www.googleapis.com/compute/v1/projects/bis2bis-328815/regions/southamerica-east1/subnetworks/bis2bis-328815-subnet",
            "stack_type": "IPV4_ONLY",
            "timeouts": null
          },
          "sensitive_attributes": [
            [
              {
                "type": "get_attr",
                "value": "name"
              }
            ],
            [
              {
                "type": "get_attr",
                "value": "network"
              }
            ]
          ],
          "private": "eyJlMmJmYjczMC1lY2FhLTExZTYtOGY4OC0zNDM2M2JjN2M0YzAiOnsiY3JlYXRlIjozNjAwMDAwMDAwMDAsImRlbGV0ZSI6MzYwMDAwMDAwMDAwLCJ1cGRhdGUiOjM2MDAwMDAwMDAwMH19",
          "dependencies": [
            "google_compute_network.vpc"
          ]
        }
      ]
    },
    {
      "mode": "managed",
      "type": "google_container_cluster",
      "name": "bis2bis_cluster",
      "provider": "provider[\"registry.terraform.io/hashicorp/google\"]",
      "instances": [
        {
          "schema_version": 1,
          "attributes": {
            "addons_config": [
              {
                "cloudrun_config": [],
                "horizontal_pod_autoscaling": [],
                "http_load_balancing": [],
                "network_policy_config": [
                  {
                    "disabled": true
                  }
                ]
              }
            ],
            "authenticator_groups_config": [],
            "cluster_autoscaling": [
              {
                "auto_provisioning_defaults": [],
                "enabled": false,
                "resource_limits": []
              }
            ],
            "cluster_ipv4_cidr": "10.152.0.0/14",
            "database_encryption": [
              {
                "key_name": "",
                "state": "DECRYPTED"
              }
            ],
            "datapath_provider": "",
            "default_max_pods_per_node": null,
            "default_snat_status": [
              {
                "disabled": false
              }
            ],
            "description": "",
            "enable_autopilot": false,
            "enable_binary_authorization": false,
            "enable_intranode_visibility": false,
            "enable_kubernetes_alpha": false,
            "enable_legacy_abac": false,
            "enable_shielded_nodes": false,
            "enable_tpu": false,
            "endpoint": "34.95.244.216",
            "id": "projects/bis2bis-328815/locations/southamerica-east1/clusters/bis2bis-328815-gke",
            "initial_node_count": 1,
            "instance_group_urls": [],
            "ip_allocation_policy": [],
            "label_fingerprint": "a9dc16a7",
            "location": "southamerica-east1",
            "logging_config": [
              {
                "enable_components": [
                  "SYSTEM_COMPONENTS",
                  "WORKLOADS"
                ]
              }
            ],
            "logging_service": "logging.googleapis.com/kubernetes",
            "maintenance_policy": [],
            "master_auth": [
              {
                "client_certificate": "",
                "client_certificate_config": [
                  {
                    "issue_client_certificate": false
                  }
                ],
                "client_key": "",
                "cluster_ca_certificate": "LS0tLS1CRUdJTiBDRVJUSUZJQ0FURS0tLS0tCk1JSUVMRENDQXBTZ0F3SUJBZ0lRZCtkM0VRZFc0YzUxa0lGa1FCeXZhREFOQmdrcWhraUc5dzBCQVFzRkFEQXYKTVMwd0t3WURWUVFERXlRelpUSmlZVGxsWXkweVpUTTJMVFEzTUdJdFltSXdZUzFsTVRKbFkySmtORFkyTURndwpJQmNOTWpFeE1ERXpNVEkwT0RJMldoZ1BNakExTVRFd01EWXhNelE0TWpaYU1DOHhMVEFyQmdOVkJBTVRKRE5sCk1tSmhPV1ZqTFRKbE16WXRORGN3WWkxaVlqQmhMV1V4TW1WalltUTBOall3T0RDQ0FhSXdEUVlKS29aSWh2Y04KQVFFQkJRQURnZ0dQQURDQ0FZb0NnZ0dCQUwxVXcxNUtVMll6ZmQwVFQxdTJSRnVUdFh0NEZNWFl1OW9HbEkxTwpGL0o5WkZ4QitXWjNjWWZhd0xXVlcxRS8xTzFHV1R5MGJ4OEpQRElWRTZoWkR2U2FycnZ5ME92Ymlodk9zblB4CmFpRUdVZ3VsRkd4YmZZK1EzRlNML3V2SWw0OEwxa3gybk5hVUtWNFREWXN4VExEVjFlVTFXcnNNL0ZPT0RySXQKQnlzUmRRZDdMRkEyNjJtbVQ2RytDNkNJdXJNWitxbGVFd240STBjQ1lxeWt1THk3RmFvbHJEcW1BSlNFZFZTcwo5V2F5Q3g4UzZvRDRkVk9ySFdoYzJhMjBUNFlTUTB0ZlhSYzZVZ092NXVNaVBsdHJ0cWsvSDd4aGxpVjI2SUVmCnFWQmFEbS9KdDJFYVFoUUMrWXNhamV4L04xamEzL2NSTW1tYmZVaVBsSHQrRVJtWnBLZ3hHZ0NxcDFWSTlDS3AKclJkYXk4Q1NJS0cxci9LeHI2N1UyNllLWkdWbjNuTXdsUDRYeTBqZDVNa3VxblhYNVlnUlpqMUgrME44NDRBRgp0ZlRnclJIMjVCVWtyTUlodlY3bWR3Skd3cnZIUXFoNzI1bHlmMWppV2NSQzltK2p2aEt6VmJOeDkvRkZBdDlRCkNRb3dTQXdTUVRhNmVXYWo0V3NMbW1leVV3SURBUUFCbzBJd1FEQU9CZ05WSFE4QkFmOEVCQU1DQWdRd0R3WUQKVlIwVEFRSC9CQVV3QXdFQi96QWRCZ05WSFE0RUZnUVVDbEZUZElPY1RaMmhtY05mMEFoNUYyRXlQbDR3RFFZSgpLb1pJaHZjTkFRRUxCUUFEZ2dHQkFEYUxJZ1RrL2RSMDRvdUx1WkNYeFlZSkhPMmhOQWdNNEUvZ2hRREV4K1p6CllaQ3FreEtnbTMySUZJdmlJb3Y5ZUtjNGt6OGNxTDJBQitBbGF3SUN2ZG5RMCtoYkRVVHBlakN0QmEzakJQMGgKeWd4c2l6d1Fua2htNW9CNXRrWFRxdE5KaDRoang0MlcvdkkxMS9ZZjhjeEJ2Zk1td2p0KzdiOWtlTzQzWE1iZAorUHVyb2Z4TlNYdSt2RWRVZEhqL3pON1ZLd2xuSDZnQmdkMG1WcFI2UkovYjRsdW1mVGRCNWJTQWxlYitPVVR3CnlyaFFHUTRnQmdycTd2Z2xyOUg1cDl5RVNQclN6YmlURDMxb1N2K2tXa1Q1QTJyUktEYXhvWEREUGMvYnhmdDMKRmlkZVI5ZmZ0cXE4TUJhSjhlSHJod1Vxc2JZeWJUU0hveGlZbk9GT1V2RmVkR2xxdENyN3lzUHB1UWlZZTllTApUZWM3UTFRMm01WHFqNzBnK3ZFSHVLL1d3cUcxdkNBSjJrWXd2SHh4UVFNUmJnTDB6NldMVVpPV0RVcXV2L20rCkoydlJ1RXhIb1U2emtqUVV5RnkrSklYNEpBci9yNU9KTmxVMERnK3duaVB6L1FvK2RNTUM1UkZ4dXR1bXIraWcKNzNHRkVTOW5vdzVyUUw2TzJKM3FJZz09Ci0tLS0tRU5EIENFUlRJRklDQVRFLS0tLS0K",
                "password": "",
                "username": ""
              }
            ],
            "master_authorized_networks_config": [],
            "master_version": "1.20.10-gke.301",
            "min_master_version": null,
            "monitoring_config": [
              {
                "enable_components": [
                  "SYSTEM_COMPONENTS"
                ]
              }
            ],
            "monitoring_service": "monitoring.googleapis.com/kubernetes",
            "name": "bis2bis-328815-gke",
            "network": "projects/bis2bis-328815/global/networks/bis2bis-328815-vpc",
            "network_policy": [
              {
                "enabled": false,
                "provider": "PROVIDER_UNSPECIFIED"
              }
            ],
            "networking_mode": "ROUTES",
            "node_config": [],
            "node_locations": [
              "southamerica-east1-a",
              "southamerica-east1-b",
              "southamerica-east1-c"
            ],
            "node_pool": [],
            "node_version": "1.20.10-gke.301",
            "operation": null,
            "pod_security_policy_config": [],
            "private_cluster_config": [],
            "private_ipv6_google_access": "",
            "project": "bis2bis-328815",
            "release_channel": [
              {
                "channel": "REGULAR"
              }
            ],
            "remove_default_node_pool": true,
            "resource_labels": null,
            "resource_usage_export_config": [],
            "self_link": "https://container.googleapis.com/v1beta1/projects/bis2bis-328815/locations/southamerica-east1/clusters/bis2bis-328815-gke",
            "services_ipv4_cidr": "10.155.240.0/20",
            "subnetwork": "projects/bis2bis-328815/regions/southamerica-east1/subnetworks/bis2bis-328815-subnet",
            "timeouts": null,
            "tpu_ipv4_cidr_block": "",
            "vertical_pod_autoscaling": [],
            "workload_identity_config": []
          },
          "sensitive_attributes": [
            [
              {
                "type": "get_attr",
                "value": "network"
              }
            ],
            [
              {
                "type": "get_attr",
                "value": "subnetwork"
              }
            ],
            [
              {
                "type": "get_attr",
                "value": "name"
              }
            ]
          ],
          "private": "eyJlMmJmYjczMC1lY2FhLTExZTYtOGY4OC0zNDM2M2JjN2M0YzAiOnsiY3JlYXRlIjoyNDAwMDAwMDAwMDAwLCJkZWxldGUiOjI0MDAwMDAwMDAwMDAsInJlYWQiOjI0MDAwMDAwMDAwMDAsInVwZGF0ZSI6MzYwMDAwMDAwMDAwMH0sInNjaGVtYV92ZXJzaW9uIjoiMSJ9",
          "dependencies": [
            "google_compute_network.vpc",
            "google_compute_subnetwork.subnet"
          ]
        }
      ]
    },
    {
      "mode": "managed",
      "type": "google_container_node_pool",
      "name": "nodes_primarios",
      "provider": "provider[\"registry.terraform.io/hashicorp/google\"]",
      "instances": [
        {
          "schema_version": 1,
          "attributes": {
            "autoscaling": [],
            "cluster": "bis2bis-328815-gke",
            "id": "projects/bis2bis-328815/locations/southamerica-east1/clusters/bis2bis-328815-gke/nodePools/bis2bis-328815-gke-node-pool",
            "initial_node_count": 2,
            "instance_group_urls": [
              "https://www.googleapis.com/compute/v1/projects/bis2bis-328815/zones/southamerica-east1-b/instanceGroupManagers/gke-bis2bis-328815-g-bis2bis-328815-g-908749c2-grp",
              "https://www.googleapis.com/compute/v1/projects/bis2bis-328815/zones/southamerica-east1-c/instanceGroupManagers/gke-bis2bis-328815-g-bis2bis-328815-g-b6ea8401-grp",
              "https://www.googleapis.com/compute/v1/projects/bis2bis-328815/zones/southamerica-east1-a/instanceGroupManagers/gke-bis2bis-328815-g-bis2bis-328815-g-99184cfe-grp"
            ],
            "location": "southamerica-east1",
            "management": [
              {
                "auto_repair": true,
                "auto_upgrade": true
              }
            ],
            "max_pods_per_node": null,
            "name": "bis2bis-328815-gke-node-pool",
            "name_prefix": "",
            "node_config": [
              {
                "disk_size_gb": 100,
                "disk_type": "pd-standard",
                "guest_accelerator": [],
                "image_type": "COS_CONTAINERD",
                "labels": {
                  "env": "bis2bis-328815"
                },
                "local_ssd_count": 0,
                "machine_type": "e2-standard-2",
                "metadata": {
                  "disable-legacy-endpoints": "true"
                },
                "min_cpu_platform": "",
                "oauth_scopes": [
                  "https://www.googleapis.com/auth/logging.write",
                  "https://www.googleapis.com/auth/monitoring"
                ],
                "preemptible": false,
                "service_account": "default",
                "shielded_instance_config": [
                  {
                    "enable_integrity_monitoring": true,
                    "enable_secure_boot": false
                  }
                ],
                "tags": [
                  "gke-node",
                  "bis2bis-328815-gke"
                ],
                "taint": [],
                "workload_metadata_config": []
              }
            ],
            "node_count": 2,
            "node_locations": [
              "southamerica-east1-a",
              "southamerica-east1-b",
              "southamerica-east1-c"
            ],
            "operation": null,
            "project": "bis2bis-328815",
            "timeouts": null,
            "upgrade_settings": [
              {
                "max_surge": 1,
                "max_unavailable": 0
              }
            ],
            "version": "1.20.10-gke.301"
          },
          "sensitive_attributes": [
            [
              {
                "type": "get_attr",
                "value": "cluster"
              }
            ],
            [
              {
                "type": "get_attr",
                "value": "name"
              }
            ],
            [
              {
                "type": "get_attr",
                "value": "node_config"
              },
              {
                "type": "index",
                "value": {
                  "value": 0,
                  "type": "number"
                }
              },
              {
                "type": "get_attr",
                "value": "tags"
              },
              {
                "type": "index",
                "value": {
                  "value": 1,
                  "type": "number"
                }
              }
            ],
            [
              {
                "type": "get_attr",
                "value": "node_config"
              },
              {
                "type": "index",
                "value": {
                  "value": 0,
                  "type": "number"
                }
              },
              {
                "type": "get_attr",
                "value": "labels"
              },
              {
                "type": "index",
                "value": {
                  "value": "env",
                  "type": "string"
                }
              }
            ]
          ],
          "private": "eyJlMmJmYjczMC1lY2FhLTExZTYtOGY4OC0zNDM2M2JjN2M0YzAiOnsiY3JlYXRlIjoxODAwMDAwMDAwMDAwLCJkZWxldGUiOjE4MDAwMDAwMDAwMDAsInVwZGF0ZSI6MTgwMDAwMDAwMDAwMH0sInNjaGVtYV92ZXJzaW9uIjoiMSJ9",
          "dependencies": [
            "google_compute_network.vpc",
            "google_compute_subnetwork.subnet",
            "google_container_cluster.bis2bis_cluster"
          ]
        }
      ]
    }
  ]
}
